{
  "originHash" : "9ed269ae02d0cb49fd7c3a6dc98a03cee39780a355d0c4095a6d2d6b19f516e9",
  "pins" : [
    {
      "identity" : "swift-argument-parser",
      "kind" : "remoteSourceControl",
      "location" : "https://github.com/apple/swift-argument-parser",
      "state" : {
        "revision" : "c5d11a805e765f52ba34ec7284bd4fcd6ba68615",
        "version" : "1.7.0"
      }
    },
    {
      "identity" : "workspace",
      "kind" : "remoteSourceControl",
      "location" : "https://github.com/velos/Workspace.git",
      "state" : {
        "revision" : "5aa50759aef60de3e4ee0cdf6e09697470232a0e",
        "version" : "0.4.0"
      }
    },
    {
      "identity" : "yams",
      "kind" : "remoteSourceControl",
      "location" : "https://github.com/jpsim/Yams",
      "state" : {
        "revision" : "3d6871d5b4a5cd519adf233fbb576e0a2af71c17",
        "version" : "5.4.0"
      }
    }
  ],
  "version" : 3
}
